<?xml version="1.0" encoding="utf-8"?>
<Project ToolsVersion="4.0" xmlns="http://schemas.microsoft.com/developer/msbuild/2003">
  <ItemGroup>
    <Filter Include="Source Files">
      <UniqueIdentifier>{4FC737F1-C7A5-4376-A066-2A32D752A2FF}</UniqueIdentifier>
      <Extensions>cpp;c;cc;cxx;c++;cppm;ixx;def;odl;idl;hpj;bat;asm;asmx</Extensions>
    </Filter>
    <Filter Include="Header Files">
      <UniqueIdentifier>{93995380-89BD-4b04-88EB-625FBE52EBFB}</UniqueIdentifier>
      <Extensions>h;hh;hpp;hxx;h++;hm;inl;inc;ipp;xsd</Extensions>
    </Filter>
    <Filter Include="Resource Files">
      <UniqueIdentifier>{67DA6AB6-F800-4c08-8B7A-83BB121AAD01}</UniqueIdentifier>
      <Extensions>rc;ico;cur;bmp;dlg;rc2;rct;bin;rgs;gif;jpg;jpeg;jpe;resx;tiff;tif;png;wav;mfcribbon-ms</Extensions>
    </Filter>
    <Filter Include="Source Files\Boost">
      <UniqueIdentifier>{a362f616-1e8c-4459-8202-0583dae39995}</UniqueIdentifier>
    </Filter>
    <Filter Include="Source Files\Detours">
      <UniqueIdentifier>{d41ba39d-a81b-4c36-b9f7-d548fbb14171}</UniqueIdentifier>
    </Filter>
    <Filter Include="Source Files\eventpp">
      <UniqueIdentifier>{9ac3464c-2d2d-496a-a146-e40d5bdba3ed}</UniqueIdentifier>
    </Filter>
  </ItemGroup>
  <ItemGroup>
    <ClInclude Include="framework.h">
      <Filter>Header Files</Filter>
    </ClInclude>
    <ClInclude Include="pch.h">
      <Filter>Header Files</Filter>
    </ClInclude>
    <ClInclude Include="helper.hpp">
      <Filter>Source Files</Filter>
    </ClInclude>
    <ClInclude Include="Detours\detours.h">
      <Filter>Source Files\Detours</Filter>
    </ClInclude>
    <ClInclude Include="Detours\detver.h">
      <Filter>Source Files\Detours</Filter>
    </ClInclude>
    <ClInclude Include="Detours\syelog.h">
      <Filter>Source Files\Detours</Filter>
    </ClInclude>
    <ClInclude Include="Boost\di.hpp">
      <Filter>Source Files\Boost</Filter>
    </ClInclude>
    <ClInclude Include="Onenote.hpp">
      <Filter>Source Files</Filter>
    </ClInclude>
    <ClInclude Include="eventpp\callbacklist.h">
      <Filter>Source Files\eventpp</Filter>
    </ClInclude>
    <ClInclude Include="eventpp\eventdispatcher.h">
      <Filter>Source Files\eventpp</Filter>
    </ClInclude>
    <ClInclude Include="eventpp\eventpolicies.h">
      <Filter>Source Files\eventpp</Filter>
    </ClInclude>
    <ClInclude Include="eventpp\eventqueue.h">
      <Filter>Source Files\eventpp</Filter>
    </ClInclude>
    <ClInclude Include="eventpp\hetercallbacklist.h">
      <Filter>Source Files\eventpp</Filter>
    </ClInclude>
    <ClInclude Include="eventpp\hetereventdispatcher.h">
      <Filter>Source Files\eventpp</Filter>
    </ClInclude>
    <ClInclude Include="eventpp\hetereventqueue.h">
      <Filter>Source Files\eventpp</Filter>
    </ClInclude>
  </ItemGroup>
  <ItemGroup>
    <ClCompile Include="pch.cpp">
      <Filter>Source Files</Filter>
    </ClCompile>
    <ClCompile Include="dllmain.cpp">
      <Filter>Source Files</Filter>
    </ClCompile>
    <ClCompile Include="helper.cpp">
      <Filter>Source Files</Filter>
    </ClCompile>
    <ClCompile Include="export.cpp">
      <Filter>Source Files</Filter>
    </ClCompile>
  </ItemGroup>
  <ItemGroup>
    <None Include="..\README.md" />
    <None Include="..\README.zh-Hans.md" />
  </ItemGroup>
</Project>